
Microsoft Visual Studio Solution File, Format Version 12.00
# Visual Studio Version 17
VisualStudioVersion = 17.7.34202.233
MinimumVisualStudioVersion = 10.0.40219.1
Project("{9A19103F-16F7-4668-BE54-9A1E7A4F7556}") = "Library.API", "Library.API\Library.API.csproj", "{92870EAB-6ECE-45B9-8083-D1C9ED240925}"
EndProject
Project("{9A19103F-16F7-4668-BE54-9A1E7A4F7556}") = "Library.Core", "Library.Core\Library.Core.csproj", "{83494FB1-0104-4974-9FE5-2BA80A4F899E}"
EndProject
Project("{9A19103F-16F7-4668-BE54-9A1E7A4F7556}") = "Library.Infra", "Library.Infra\Library.Infra.csproj", "{6A10E89A-55EE-4128-AE67-946B7586B515}"
EndProject
Project("{9A19103F-16F7-4668-BE54-9A1E7A4F7556}") = "Library.Application", "Library.Application\Library.Application.csproj", "{5213EF69-8CC4-48D0-BC32-3308792A700C}"
EndProject
Project("{9A19103F-16F7-4668-BE54-9A1E7A4F7556}") = "Library.UnitTests", "Library.UnitTests\Library.UnitTests.csproj", "{A99BF2EA-D620-4ECD-B45E-A942B9D5F434}"
EndProject
Project("{2150E333-8FDC-42A3-9474-1A3956D46DE8}") = "Library", "Library", "{2E8FEFAA-00FE-44AA-884B-CB0753118AC1}"
EndProject
Global
	GlobalSection(SolutionConfigurationPlatforms) = preSolution
		Debug|Any CPU = Debug|Any CPU
		Release|Any CPU = Release|Any CPU
	EndGlobalSection
	GlobalSection(ProjectConfigurationPlatforms) = postSolution
		{92870EAB-6ECE-45B9-8083-D1C9ED240925}.Debug|Any CPU.ActiveCfg = Debug|Any CPU
		{92870EAB-6ECE-45B9-8083-D1C9ED240925}.Debug|Any CPU.Build.0 = Debug|Any CPU
		{92870EAB-6ECE-45B9-8083-D1C9ED240925}.Release|Any CPU.ActiveCfg = Release|Any CPU
		{92870EAB-6ECE-45B9-8083-D1C9ED240925}.Release|Any CPU.Build.0 = Release|Any CPU
		{83494FB1-0104-4974-9FE5-2BA80A4F899E}.Debug|Any CPU.ActiveCfg = Debug|Any CPU
		{83494FB1-0104-4974-9FE5-2BA80A4F899E}.Debug|Any CPU.Build.0 = Debug|Any CPU
		{83494FB1-0104-4974-9FE5-2BA80A4F899E}.Release|Any CPU.ActiveCfg = Release|Any CPU
		{83494FB1-0104-4974-9FE5-2BA80A4F899E}.Release|Any CPU.Build.0 = Release|Any CPU
		{6A10E89A-55EE-4128-AE67-946B7586B515}.Debug|Any CPU.ActiveCfg = Debug|Any CPU
		{6A10E89A-55EE-4128-AE67-946B7586B515}.Debug|Any CPU.Build.0 = Debug|Any CPU
		{6A10E89A-55EE-4128-AE67-946B7586B515}.Release|Any CPU.ActiveCfg = Release|Any CPU
		{6A10E89A-55EE-4128-AE67-946B7586B515}.Release|Any CPU.Build.0 = Release|Any CPU
		{5213EF69-8CC4-48D0-BC32-3308792A700C}.Debug|Any CPU.ActiveCfg = Debug|Any CPU
		{5213EF69-8CC4-48D0-BC32-3308792A700C}.Debug|Any CPU.Build.0 = Debug|Any CPU
		{5213EF69-8CC4-48D0-BC32-3308792A700C}.Release|Any CPU.ActiveCfg = Release|Any CPU
		{5213EF69-8CC4-48D0-BC32-3308792A700C}.Release|Any CPU.Build.0 = Release|Any CPU
		{A99BF2EA-D620-4ECD-B45E-A942B9D5F434}.Debug|Any CPU.ActiveCfg = Debug|Any CPU
		{A99BF2EA-D620-4ECD-B45E-A942B9D5F434}.Debug|Any CPU.Build.0 = Debug|Any CPU
		{A99BF2EA-D620-4ECD-B45E-A942B9D5F434}.Release|Any CPU.ActiveCfg = Release|Any CPU
		{A99BF2EA-D620-4ECD-B45E-A942B9D5F434}.Release|Any CPU.Build.0 = Release|Any CPU
	EndGlobalSection
	GlobalSection(SolutionProperties) = preSolution
		HideSolutionNode = FALSE
	EndGlobalSection
	GlobalSection(NestedProjects) = preSolution
		{92870EAB-6ECE-45B9-8083-D1C9ED240925} = {2E8FEFAA-00FE-44AA-884B-CB0753118AC1}
		{83494FB1-0104-4974-9FE5-2BA80A4F899E} = {2E8FEFAA-00FE-44AA-884B-CB0753118AC1}
		{6A10E89A-55EE-4128-AE67-946B7586B515} = {2E8FEFAA-00FE-44AA-884B-CB0753118AC1}
		{5213EF69-8CC4-48D0-BC32-3308792A700C} = {2E8FEFAA-00FE-44AA-884B-CB0753118AC1}
		{A99BF2EA-D620-4ECD-B45E-A942B9D5F434} = {2E8FEFAA-00FE-44AA-884B-CB0753118AC1}
	EndGlobalSection
	GlobalSection(ExtensibilityGlobals) = postSolution
		SolutionGuid = {92B626B4-A4F7-4865-AD40-5F4E4D0AC4C6}
	EndGlobalSection
EndGlobal
